
Microsoft Visual Studio Solution File, Format Version 12.00
# Visual Studio 15
VisualStudioVersion = 15.0.28010.2003
MinimumVisualStudioVersion = 10.0.40219.1
Project("{9A19103F-16F7-4668-BE54-9A1E7A4F7556}") = "SIS.WebServer", "SIS.WebServer\SIS.WebServer.csproj", "{9069BFBB-817C-4FA4-A980-E20E9DD7A469}"
EndProject
Project("{9A19103F-16F7-4668-BE54-9A1E7A4F7556}") = "SIS.HTTP", "SIS.HTTP\SIS.HTTP.csproj", "{9C8ADFD1-16AE-4365-A160-A1C6091A0509}"
EndProject
Project("{9A19103F-16F7-4668-BE54-9A1E7A4F7556}") = "SIS.Framework", "SIS.Framework\SIS.Framework.csproj", "{035FAB55-6E4D-4C26-AB35-DBB6332CBE58}"
EndProject
Project("{FAE04EC0-301F-11D3-BF4B-00C04F79EFBC}") = "CHUSHKA.Models", "CHUSHKA.Models\CHUSHKA.Models.csproj", "{714C9815-E8AB-430D-95EC-7A8FDCB478A0}"
EndProject
Project("{FAE04EC0-301F-11D3-BF4B-00C04F79EFBC}") = "CHUSHKA.Data", "CHUSHKA.Data\CHUSHKA.Data.csproj", "{75A151A5-DC15-4BB9-B929-4B30F3C27BD4}"
EndProject
Project("{FAE04EC0-301F-11D3-BF4B-00C04F79EFBC}") = "CHUSHKA.Services", "CHUSHKA.Services\CHUSHKA.Services.csproj", "{033D2DD1-87AE-4C68-90E7-5B942CA43D0E}"
EndProject
Project("{FAE04EC0-301F-11D3-BF4B-00C04F79EFBC}") = "CHUSHKA.ViewModels", "CHUSHKA.ViewModels\CHUSHKA.ViewModels.csproj", "{0FFF9712-866C-47C6-B033-4D265042B14E}"
EndProject
Project("{FAE04EC0-301F-11D3-BF4B-00C04F79EFBC}") = "CHUSHKA.App", "CHUSHKA.App\CHUSHKA.App.csproj", "{0869569D-1437-4076-A03D-4F5BD25F0CDA}"
EndProject
Global
	GlobalSection(SolutionConfigurationPlatforms) = preSolution
		Debug|Any CPU = Debug|Any CPU
		Release|Any CPU = Release|Any CPU
	EndGlobalSection
	GlobalSection(ProjectConfigurationPlatforms) = postSolution
		{9069BFBB-817C-4FA4-A980-E20E9DD7A469}.Debug|Any CPU.ActiveCfg = Debug|Any CPU
		{9069BFBB-817C-4FA4-A980-E20E9DD7A469}.Debug|Any CPU.Build.0 = Debug|Any CPU
		{9069BFBB-817C-4FA4-A980-E20E9DD7A469}.Release|Any CPU.ActiveCfg = Release|Any CPU
		{9069BFBB-817C-4FA4-A980-E20E9DD7A469}.Release|Any CPU.Build.0 = Release|Any CPU
		{9C8ADFD1-16AE-4365-A160-A1C6091A0509}.Debug|Any CPU.ActiveCfg = Debug|Any CPU
		{9C8ADFD1-16AE-4365-A160-A1C6091A0509}.Debug|Any CPU.Build.0 = Debug|Any CPU
		{9C8ADFD1-16AE-4365-A160-A1C6091A0509}.Release|Any CPU.ActiveCfg = Release|Any CPU
		{9C8ADFD1-16AE-4365-A160-A1C6091A0509}.Release|Any CPU.Build.0 = Release|Any CPU
		{035FAB55-6E4D-4C26-AB35-DBB6332CBE58}.Debug|Any CPU.ActiveCfg = Debug|Any CPU
		{035FAB55-6E4D-4C26-AB35-DBB6332CBE58}.Debug|Any CPU.Build.0 = Debug|Any CPU
		{035FAB55-6E4D-4C26-AB35-DBB6332CBE58}.Release|Any CPU.ActiveCfg = Release|Any CPU
		{035FAB55-6E4D-4C26-AB35-DBB6332CBE58}.Release|Any CPU.Build.0 = Release|Any CPU
		{714C9815-E8AB-430D-95EC-7A8FDCB478A0}.Debug|Any CPU.ActiveCfg = Debug|Any CPU
		{714C9815-E8AB-430D-95EC-7A8FDCB478A0}.Debug|Any CPU.Build.0 = Debug|Any CPU
		{714C9815-E8AB-430D-95EC-7A8FDCB478A0}.Release|Any CPU.ActiveCfg = Release|Any CPU
		{714C9815-E8AB-430D-95EC-7A8FDCB478A0}.Release|Any CPU.Build.0 = Release|Any CPU
		{75A151A5-DC15-4BB9-B929-4B30F3C27BD4}.Debug|Any CPU.ActiveCfg = Debug|Any CPU
		{75A151A5-DC15-4BB9-B929-4B30F3C27BD4}.Debug|Any CPU.Build.0 = Debug|Any CPU
		{75A151A5-DC15-4BB9-B929-4B30F3C27BD4}.Release|Any CPU.ActiveCfg = Release|Any CPU
		{75A151A5-DC15-4BB9-B929-4B30F3C27BD4}.Release|Any CPU.Build.0 = Release|Any CPU
		{033D2DD1-87AE-4C68-90E7-5B942CA43D0E}.Debug|Any CPU.ActiveCfg = Debug|Any CPU
		{033D2DD1-87AE-4C68-90E7-5B942CA43D0E}.Debug|Any CPU.Build.0 = Debug|Any CPU
		{033D2DD1-87AE-4C68-90E7-5B942CA43D0E}.Release|Any CPU.ActiveCfg = Release|Any CPU
		{033D2DD1-87AE-4C68-90E7-5B942CA43D0E}.Release|Any CPU.Build.0 = Release|Any CPU
		{0FFF9712-866C-47C6-B033-4D265042B14E}.Debug|Any CPU.ActiveCfg = Debug|Any CPU
		{0FFF9712-866C-47C6-B033-4D265042B14E}.Debug|Any CPU.Build.0 = Debug|Any CPU
		{0FFF9712-866C-47C6-B033-4D265042B14E}.Release|Any CPU.ActiveCfg = Release|Any CPU
		{0FFF9712-866C-47C6-B033-4D265042B14E}.Release|Any CPU.Build.0 = Release|Any CPU
		{0869569D-1437-4076-A03D-4F5BD25F0CDA}.Debug|Any CPU.ActiveCfg = Debug|Any CPU
		{0869569D-1437-4076-A03D-4F5BD25F0CDA}.Debug|Any CPU.Build.0 = Debug|Any CPU
		{0869569D-1437-4076-A03D-4F5BD25F0CDA}.Release|Any CPU.ActiveCfg = Release|Any CPU
		{0869569D-1437-4076-A03D-4F5BD25F0CDA}.Release|Any CPU.Build.0 = Release|Any CPU
	EndGlobalSection
	GlobalSection(SolutionProperties) = preSolution
		HideSolutionNode = FALSE
	EndGlobalSection
	GlobalSection(ExtensibilityGlobals) = postSolution
		SolutionGuid = {7DDABD09-DCFC-4DD2-996C-EDD241D1D1F0}
	EndGlobalSection
EndGlobal
